
Microsoft Visual Studio Solution File, Format Version 12.00
# Visual Studio Version 16
VisualStudioVersion = 16.0.29613.14
MinimumVisualStudioVersion = 10.0.40219.1
Project("{FAE04EC0-301F-11D3-BF4B-00C04F79EFBC}") = "CoreAngularPerson", "CoreAngularPerson\CoreAngularPerson.csproj", "{B4069E2A-84E4-4FB5-B53A-5E43BE61D6AA}"
EndProject
Global
	GlobalSection(SolutionConfigurationPlatforms) = preSolution
		Debug|Any CPU = Debug|Any CPU
		Release|Any CPU = Release|Any CPU
	EndGlobalSection
	GlobalSection(ProjectConfigurationPlatforms) = postSolution
		{B4069E2A-84E4-4FB5-B53A-5E43BE61D6AA}.Debug|Any CPU.ActiveCfg = Debug|Any CPU
		{B4069E2A-84E4-4FB5-B53A-5E43BE61D6AA}.Debug|Any CPU.Build.0 = Debug|Any CPU
		{B4069E2A-84E4-4FB5-B53A-5E43BE61D6AA}.Release|Any CPU.ActiveCfg = Release|Any CPU
		{B4069E2A-84E4-4FB5-B53A-5E43BE61D6AA}.Release|Any CPU.Build.0 = Release|Any CPU
	EndGlobalSection
	GlobalSection(SolutionProperties) = preSolution
		HideSolutionNode = FALSE
	EndGlobalSection
	GlobalSection(ExtensibilityGlobals) = postSolution
		SolutionGuid = {1D0FE800-C7E4-4BF5-A924-D583FDEF0EEA}
	EndGlobalSection
EndGlobal
